
Microsoft Visual Studio Solution File, Format Version 12.00
# Visual Studio Version 17
VisualStudioVersion = 17.13.35806.99 d17.13
MinimumVisualStudioVersion = 10.0.40219.1
Project("{FAE04EC0-301F-11D3-BF4B-00C04F79EFBC}") = "HandRegcoDemo0", "HandRegcoDemo0\HandRegcoDemo0.csproj", "{CC4643F2-CB80-4D0C-9629-770355D3153B}"
EndProject
Global
	GlobalSection(SolutionConfigurationPlatforms) = preSolution
		Debug|Any CPU = Debug|Any CPU
		Release|Any CPU = Release|Any CPU
	EndGlobalSection
	GlobalSection(ProjectConfigurationPlatforms) = postSolution
		{CC4643F2-CB80-4D0C-9629-770355D3153B}.Debug|Any CPU.ActiveCfg = Debug|Any CPU
		{CC4643F2-CB80-4D0C-9629-770355D3153B}.Debug|Any CPU.Build.0 = Debug|Any CPU
		{CC4643F2-CB80-4D0C-9629-770355D3153B}.Release|Any CPU.ActiveCfg = Release|Any CPU
		{CC4643F2-CB80-4D0C-9629-770355D3153B}.Release|Any CPU.Build.0 = Release|Any CPU
	EndGlobalSection
	GlobalSection(SolutionProperties) = preSolution
		HideSolutionNode = FALSE
	EndGlobalSection
	GlobalSection(ExtensibilityGlobals) = postSolution
		SolutionGuid = {5CA6FF3C-EAB7-4719-8D87-BF3D38B319E2}
	EndGlobalSection
EndGlobal
